{
    "_meta": {
        "hash": {
            "sha256": "24ff8cdb6f967992c9542626111bd6386a2758d8803a73bd81268a22224d0556"
        },
        "pipfile-spec": 6,
        "requires": {
            "python_version": "3.9"
        },
        "sources": [
            {
                "name": "pypi",
                "url": "https://pypi.org/simple",
                "verify_ssl": true
            }
        ]
    },
    "default": {
        "tinydb": {
            "hashes": [
                "sha256:3c5e5c72c98db07e707be4e25f9e135a8a14b96938e4745b1b7187fec523ff58",
                "sha256:7d18b2d0217827c188f177cd23df60e5cd5316a717e836a8e21c8c2488262cf5"
            ],
            "index": "pypi",
            "version": "==4.5.2"
        }
    },
    "develop": {}
}
